
Microsoft Visual Studio Solution File, Format Version 12.00
# Visual Studio Version 16
VisualStudioVersion = 16.0.31129.286
MinimumVisualStudioVersion = 10.0.40219.1
Project("{9A19103F-16F7-4668-BE54-9A1E7A4F7556}") = "Darkangel.Math", "Darkangel.Math\Darkangel.Math.csproj", "{034827B9-4267-447C-A84C-E323427001D7}"
EndProject
Project("{9A19103F-16F7-4668-BE54-9A1E7A4F7556}") = "Darkangel.IntegerX", "Darkangel.IntegerX\Darkangel.IntegerX.csproj", "{51D4E363-1F61-4067-A874-0B5D3265C8B4}"
EndProject
Project("{9A19103F-16F7-4668-BE54-9A1E7A4F7556}") = "Darkangel.Assembler", "Darkangel.Assembler\Darkangel.Assembler.csproj", "{E43C323E-92EA-4120-AA25-D9F8FB853BEC}"
EndProject
Project("{9A19103F-16F7-4668-BE54-9A1E7A4F7556}") = "Darkangel.Strings", "Darkangel.Strings\Darkangel.Strings.csproj", "{2A326DE3-AE2D-439C-9E5F-E96840833487}"
EndProject
Project("{9A19103F-16F7-4668-BE54-9A1E7A4F7556}") = "Darkangel.Arrays", "Darkangel.Arrays\Darkangel.Arrays.csproj", "{EAC0067D-7993-4E30-8DEA-C9E6A6C2EDAE}"
EndProject
Project("{9A19103F-16F7-4668-BE54-9A1E7A4F7556}") = "Darkangel.Collections", "Darkangel.Collections\Darkangel.Collections.csproj", "{935BDC2D-6A01-4C2C-9B67-470144E214AD}"
EndProject
Project("{9A19103F-16F7-4668-BE54-9A1E7A4F7556}") = "Darkangel.DateTime", "Darkangel.DateTime\Darkangel.DateTime.csproj", "{06CA96EF-A6D1-43E8-BACA-F0502DA8BF93}"
EndProject
Project("{9A19103F-16F7-4668-BE54-9A1E7A4F7556}") = "Darkangel.Compare", "Darkangel.Compare\Darkangel.Compare.csproj", "{76694ED2-9A09-4CF2-807C-395D9626E861}"
EndProject
Project("{9A19103F-16F7-4668-BE54-9A1E7A4F7556}") = "Darkangel.Enums", "Darkangel.Enums\Darkangel.Enums.csproj", "{848BC15A-C726-4FD0-AD6E-182187DCB9F8}"
EndProject
Project("{9A19103F-16F7-4668-BE54-9A1E7A4F7556}") = "Darkangel.IO", "Darkangel.IO\Darkangel.IO.csproj", "{8DE1E05C-27B3-43A9-9BA3-C9F170D5B85E}"
EndProject
Project("{9A19103F-16F7-4668-BE54-9A1E7A4F7556}") = "Darkangel.Reflection", "Darkangel.Reflection\Darkangel.Reflection.csproj", "{CED9E9C6-F178-4C31-9945-0029043E25BB}"
EndProject
Project("{9A19103F-16F7-4668-BE54-9A1E7A4F7556}") = "Darkangel.CommandLine", "Darkangel.CommandLine\Darkangel.CommandLine.csproj", "{633039AD-2E06-42E7-AB92-D74AD93713B1}"
EndProject
Project("{9A19103F-16F7-4668-BE54-9A1E7A4F7556}") = "Darkangel.Logical", "Darkangel.Logical\Darkangel.Logical.csproj", "{37C1D940-5F65-486C-9A79-7172223E9179}"
EndProject
Project("{9A19103F-16F7-4668-BE54-9A1E7A4F7556}") = "LibsTesting", "LibsTesting\LibsTesting.csproj", "{8194FA38-5178-4632-B216-61021747D10C}"
EndProject
Project("{9A19103F-16F7-4668-BE54-9A1E7A4F7556}") = "Darkangel.Compression", "Darkangel.Compression\Darkangel.Compression.csproj", "{D5716DC6-3655-4AF2-9157-FDBA8EACC3C3}"
EndProject
Project("{9A19103F-16F7-4668-BE54-9A1E7A4F7556}") = "Darkangel.Zip", "Darkangel.Zip\Darkangel.Zip.csproj", "{F077C397-310B-4C8B-BABB-D7194F9AACFB}"
EndProject
Project("{9A19103F-16F7-4668-BE54-9A1E7A4F7556}") = "Darkangel.Xml", "Darkangel.Xml\Darkangel.Xml.csproj", "{D309FA74-47F3-486E-9056-138FB04012E8}"
EndProject
Project("{9A19103F-16F7-4668-BE54-9A1E7A4F7556}") = "Darkangel.CLib", "Darkangel.CLib\Darkangel.CLib.csproj", "{FE4B48BB-1AF9-407D-965B-EC9808017E31}"
EndProject
Project("{9A19103F-16F7-4668-BE54-9A1E7A4F7556}") = "Darkangel.Compression.Dune92", "Darkangel.Compression.Dune92\Darkangel.Compression.Dune92.csproj", "{2AB20AC3-85F8-4767-8ADA-0FD559B800A1}"
EndProject
Project("{9A19103F-16F7-4668-BE54-9A1E7A4F7556}") = "Darkangel.Shapes", "Darkangel.Shapes\Darkangel.Shapes.csproj", "{B0017CCF-D13B-4CAF-BF4D-0BFE387F13BE}"
EndProject
Project("{9A19103F-16F7-4668-BE54-9A1E7A4F7556}") = "Darkangel.Mutable", "Darkangel.Mutable\Darkangel.Mutable.csproj", "{EE10EF2E-3D85-4306-A7F1-430BE4004CA8}"
EndProject
Global
	GlobalSection(SolutionConfigurationPlatforms) = preSolution
		Debug|Any CPU = Debug|Any CPU
		Release|Any CPU = Release|Any CPU
	EndGlobalSection
	GlobalSection(ProjectConfigurationPlatforms) = postSolution
		{034827B9-4267-447C-A84C-E323427001D7}.Debug|Any CPU.ActiveCfg = Release|Any CPU
		{034827B9-4267-447C-A84C-E323427001D7}.Debug|Any CPU.Build.0 = Release|Any CPU
		{034827B9-4267-447C-A84C-E323427001D7}.Release|Any CPU.ActiveCfg = Release|Any CPU
		{034827B9-4267-447C-A84C-E323427001D7}.Release|Any CPU.Build.0 = Release|Any CPU
		{51D4E363-1F61-4067-A874-0B5D3265C8B4}.Debug|Any CPU.ActiveCfg = Release|Any CPU
		{51D4E363-1F61-4067-A874-0B5D3265C8B4}.Debug|Any CPU.Build.0 = Release|Any CPU
		{51D4E363-1F61-4067-A874-0B5D3265C8B4}.Release|Any CPU.ActiveCfg = Release|Any CPU
		{51D4E363-1F61-4067-A874-0B5D3265C8B4}.Release|Any CPU.Build.0 = Release|Any CPU
		{E43C323E-92EA-4120-AA25-D9F8FB853BEC}.Debug|Any CPU.ActiveCfg = Release|Any CPU
		{E43C323E-92EA-4120-AA25-D9F8FB853BEC}.Debug|Any CPU.Build.0 = Release|Any CPU
		{E43C323E-92EA-4120-AA25-D9F8FB853BEC}.Release|Any CPU.ActiveCfg = Release|Any CPU
		{E43C323E-92EA-4120-AA25-D9F8FB853BEC}.Release|Any CPU.Build.0 = Release|Any CPU
		{2A326DE3-AE2D-439C-9E5F-E96840833487}.Debug|Any CPU.ActiveCfg = Release|Any CPU
		{2A326DE3-AE2D-439C-9E5F-E96840833487}.Debug|Any CPU.Build.0 = Release|Any CPU
		{2A326DE3-AE2D-439C-9E5F-E96840833487}.Release|Any CPU.ActiveCfg = Release|Any CPU
		{2A326DE3-AE2D-439C-9E5F-E96840833487}.Release|Any CPU.Build.0 = Release|Any CPU
		{EAC0067D-7993-4E30-8DEA-C9E6A6C2EDAE}.Debug|Any CPU.ActiveCfg = Release|Any CPU
		{EAC0067D-7993-4E30-8DEA-C9E6A6C2EDAE}.Debug|Any CPU.Build.0 = Release|Any CPU
		{EAC0067D-7993-4E30-8DEA-C9E6A6C2EDAE}.Release|Any CPU.ActiveCfg = Release|Any CPU
		{EAC0067D-7993-4E30-8DEA-C9E6A6C2EDAE}.Release|Any CPU.Build.0 = Release|Any CPU
		{935BDC2D-6A01-4C2C-9B67-470144E214AD}.Debug|Any CPU.ActiveCfg = Release|Any CPU
		{935BDC2D-6A01-4C2C-9B67-470144E214AD}.Debug|Any CPU.Build.0 = Release|Any CPU
		{935BDC2D-6A01-4C2C-9B67-470144E214AD}.Release|Any CPU.ActiveCfg = Release|Any CPU
		{935BDC2D-6A01-4C2C-9B67-470144E214AD}.Release|Any CPU.Build.0 = Release|Any CPU
		{06CA96EF-A6D1-43E8-BACA-F0502DA8BF93}.Debug|Any CPU.ActiveCfg = Release|Any CPU
		{06CA96EF-A6D1-43E8-BACA-F0502DA8BF93}.Debug|Any CPU.Build.0 = Release|Any CPU
		{06CA96EF-A6D1-43E8-BACA-F0502DA8BF93}.Release|Any CPU.ActiveCfg = Release|Any CPU
		{06CA96EF-A6D1-43E8-BACA-F0502DA8BF93}.Release|Any CPU.Build.0 = Release|Any CPU
		{76694ED2-9A09-4CF2-807C-395D9626E861}.Debug|Any CPU.ActiveCfg = Release|Any CPU
		{76694ED2-9A09-4CF2-807C-395D9626E861}.Debug|Any CPU.Build.0 = Release|Any CPU
		{76694ED2-9A09-4CF2-807C-395D9626E861}.Release|Any CPU.ActiveCfg = Release|Any CPU
		{76694ED2-9A09-4CF2-807C-395D9626E861}.Release|Any CPU.Build.0 = Release|Any CPU
		{848BC15A-C726-4FD0-AD6E-182187DCB9F8}.Debug|Any CPU.ActiveCfg = Release|Any CPU
		{848BC15A-C726-4FD0-AD6E-182187DCB9F8}.Debug|Any CPU.Build.0 = Release|Any CPU
		{848BC15A-C726-4FD0-AD6E-182187DCB9F8}.Release|Any CPU.ActiveCfg = Release|Any CPU
		{848BC15A-C726-4FD0-AD6E-182187DCB9F8}.Release|Any CPU.Build.0 = Release|Any CPU
		{8DE1E05C-27B3-43A9-9BA3-C9F170D5B85E}.Debug|Any CPU.ActiveCfg = Release|Any CPU
		{8DE1E05C-27B3-43A9-9BA3-C9F170D5B85E}.Debug|Any CPU.Build.0 = Release|Any CPU
		{8DE1E05C-27B3-43A9-9BA3-C9F170D5B85E}.Release|Any CPU.ActiveCfg = Release|Any CPU
		{8DE1E05C-27B3-43A9-9BA3-C9F170D5B85E}.Release|Any CPU.Build.0 = Release|Any CPU
		{CED9E9C6-F178-4C31-9945-0029043E25BB}.Debug|Any CPU.ActiveCfg = Debug|Any CPU
		{CED9E9C6-F178-4C31-9945-0029043E25BB}.Debug|Any CPU.Build.0 = Debug|Any CPU
		{CED9E9C6-F178-4C31-9945-0029043E25BB}.Release|Any CPU.ActiveCfg = Release|Any CPU
		{CED9E9C6-F178-4C31-9945-0029043E25BB}.Release|Any CPU.Build.0 = Release|Any CPU
		{633039AD-2E06-42E7-AB92-D74AD93713B1}.Debug|Any CPU.ActiveCfg = Debug|Any CPU
		{633039AD-2E06-42E7-AB92-D74AD93713B1}.Debug|Any CPU.Build.0 = Debug|Any CPU
		{633039AD-2E06-42E7-AB92-D74AD93713B1}.Release|Any CPU.ActiveCfg = Release|Any CPU
		{633039AD-2E06-42E7-AB92-D74AD93713B1}.Release|Any CPU.Build.0 = Release|Any CPU
		{37C1D940-5F65-486C-9A79-7172223E9179}.Debug|Any CPU.ActiveCfg = Release|Any CPU
		{37C1D940-5F65-486C-9A79-7172223E9179}.Debug|Any CPU.Build.0 = Release|Any CPU
		{37C1D940-5F65-486C-9A79-7172223E9179}.Release|Any CPU.ActiveCfg = Release|Any CPU
		{37C1D940-5F65-486C-9A79-7172223E9179}.Release|Any CPU.Build.0 = Release|Any CPU
		{8194FA38-5178-4632-B216-61021747D10C}.Debug|Any CPU.ActiveCfg = Debug|Any CPU
		{8194FA38-5178-4632-B216-61021747D10C}.Debug|Any CPU.Build.0 = Debug|Any CPU
		{8194FA38-5178-4632-B216-61021747D10C}.Release|Any CPU.ActiveCfg = Release|Any CPU
		{8194FA38-5178-4632-B216-61021747D10C}.Release|Any CPU.Build.0 = Release|Any CPU
		{D5716DC6-3655-4AF2-9157-FDBA8EACC3C3}.Debug|Any CPU.ActiveCfg = Debug|Any CPU
		{D5716DC6-3655-4AF2-9157-FDBA8EACC3C3}.Debug|Any CPU.Build.0 = Debug|Any CPU
		{D5716DC6-3655-4AF2-9157-FDBA8EACC3C3}.Release|Any CPU.ActiveCfg = Release|Any CPU
		{D5716DC6-3655-4AF2-9157-FDBA8EACC3C3}.Release|Any CPU.Build.0 = Release|Any CPU
		{F077C397-310B-4C8B-BABB-D7194F9AACFB}.Debug|Any CPU.ActiveCfg = Debug|Any CPU
		{F077C397-310B-4C8B-BABB-D7194F9AACFB}.Debug|Any CPU.Build.0 = Debug|Any CPU
		{F077C397-310B-4C8B-BABB-D7194F9AACFB}.Release|Any CPU.ActiveCfg = Release|Any CPU
		{F077C397-310B-4C8B-BABB-D7194F9AACFB}.Release|Any CPU.Build.0 = Release|Any CPU
		{D309FA74-47F3-486E-9056-138FB04012E8}.Debug|Any CPU.ActiveCfg = Release|Any CPU
		{D309FA74-47F3-486E-9056-138FB04012E8}.Debug|Any CPU.Build.0 = Release|Any CPU
		{D309FA74-47F3-486E-9056-138FB04012E8}.Release|Any CPU.ActiveCfg = Release|Any CPU
		{D309FA74-47F3-486E-9056-138FB04012E8}.Release|Any CPU.Build.0 = Release|Any CPU
		{FE4B48BB-1AF9-407D-965B-EC9808017E31}.Debug|Any CPU.ActiveCfg = Debug|Any CPU
		{FE4B48BB-1AF9-407D-965B-EC9808017E31}.Debug|Any CPU.Build.0 = Debug|Any CPU
		{FE4B48BB-1AF9-407D-965B-EC9808017E31}.Release|Any CPU.ActiveCfg = Release|Any CPU
		{FE4B48BB-1AF9-407D-965B-EC9808017E31}.Release|Any CPU.Build.0 = Release|Any CPU
		{2AB20AC3-85F8-4767-8ADA-0FD559B800A1}.Debug|Any CPU.ActiveCfg = Debug|Any CPU
		{2AB20AC3-85F8-4767-8ADA-0FD559B800A1}.Debug|Any CPU.Build.0 = Debug|Any CPU
		{2AB20AC3-85F8-4767-8ADA-0FD559B800A1}.Release|Any CPU.ActiveCfg = Release|Any CPU
		{2AB20AC3-85F8-4767-8ADA-0FD559B800A1}.Release|Any CPU.Build.0 = Release|Any CPU
		{B0017CCF-D13B-4CAF-BF4D-0BFE387F13BE}.Debug|Any CPU.ActiveCfg = Debug|Any CPU
		{B0017CCF-D13B-4CAF-BF4D-0BFE387F13BE}.Debug|Any CPU.Build.0 = Debug|Any CPU
		{B0017CCF-D13B-4CAF-BF4D-0BFE387F13BE}.Release|Any CPU.ActiveCfg = Release|Any CPU
		{B0017CCF-D13B-4CAF-BF4D-0BFE387F13BE}.Release|Any CPU.Build.0 = Release|Any CPU
		{EE10EF2E-3D85-4306-A7F1-430BE4004CA8}.Debug|Any CPU.ActiveCfg = Debug|Any CPU
		{EE10EF2E-3D85-4306-A7F1-430BE4004CA8}.Debug|Any CPU.Build.0 = Debug|Any CPU
		{EE10EF2E-3D85-4306-A7F1-430BE4004CA8}.Release|Any CPU.ActiveCfg = Release|Any CPU
		{EE10EF2E-3D85-4306-A7F1-430BE4004CA8}.Release|Any CPU.Build.0 = Release|Any CPU
	EndGlobalSection
	GlobalSection(SolutionProperties) = preSolution
		HideSolutionNode = FALSE
	EndGlobalSection
	GlobalSection(ExtensibilityGlobals) = postSolution
		SolutionGuid = {36661F1B-26DA-43FF-8C72-CC3FFB6B0AAC}
	EndGlobalSection
EndGlobal
